
Microsoft Visual Studio Solution File, Format Version 12.00
# Visual Studio Version 17
VisualStudioVersion = 17.4.33103.184
MinimumVisualStudioVersion = 10.0.40219.1
Project("{FAE04EC0-301F-11D3-BF4B-00C04F79EFBC}") = "DemoApiCodFac", "DemoApiCodFac\DemoApiCodFac.csproj", "{31CE39EF-1573-4FBD-A3C3-FDA92E32AE70}"
EndProject
Global
	GlobalSection(SolutionConfigurationPlatforms) = preSolution
		Debug|Any CPU = Debug|Any CPU
		Release|Any CPU = Release|Any CPU
	EndGlobalSection
	GlobalSection(ProjectConfigurationPlatforms) = postSolution
		{31CE39EF-1573-4FBD-A3C3-FDA92E32AE70}.Debug|Any CPU.ActiveCfg = Debug|Any CPU
		{31CE39EF-1573-4FBD-A3C3-FDA92E32AE70}.Debug|Any CPU.Build.0 = Debug|Any CPU
		{31CE39EF-1573-4FBD-A3C3-FDA92E32AE70}.Release|Any CPU.ActiveCfg = Release|Any CPU
		{31CE39EF-1573-4FBD-A3C3-FDA92E32AE70}.Release|Any CPU.Build.0 = Release|Any CPU
	EndGlobalSection
	GlobalSection(SolutionProperties) = preSolution
		HideSolutionNode = FALSE
	EndGlobalSection
	GlobalSection(ExtensibilityGlobals) = postSolution
		SolutionGuid = {98523728-64C5-4F14-A19E-9B2CBB3D2EFF}
	EndGlobalSection
EndGlobal
